
Microsoft Visual Studio Solution File, Format Version 12.00
# Visual Studio Version 17
VisualStudioVersion = 17.8.34309.116
MinimumVisualStudioVersion = 10.0.40219.1
Project("{9A19103F-16F7-4668-BE54-9A1E7A4F7556}") = "UptimeKumaRemoteProbe", "UptimeKumaRemoteProbe\UptimeKumaRemoteProbe.csproj", "{29A3E819-13D5-4FE4-84E3-84497054267D}"
EndProject
Project("{2150E333-8FDC-42A3-9474-1A3956D46DE8}") = "Solution Items", "Solution Items", "{4A42D506-96D1-4492-92DB-35B8013122A8}"
	ProjectSection(SolutionItems) = preProject
		.github\workflows\codeql-analysis.yml = .github\workflows\codeql-analysis.yml
		docker-compose.yml = docker-compose.yml
		.github\workflows\dotnet.yml = .github\workflows\dotnet.yml
		LICENSE = LICENSE
		README.md = README.md
		SECURITY.md = SECURITY.md
	EndProjectSection
EndProject
Global
	GlobalSection(SolutionConfigurationPlatforms) = preSolution
		Debug|Any CPU = Debug|Any CPU
		Release|Any CPU = Release|Any CPU
	EndGlobalSection
	GlobalSection(ProjectConfigurationPlatforms) = postSolution
		{29A3E819-13D5-4FE4-84E3-84497054267D}.Debug|Any CPU.ActiveCfg = Debug|Any CPU
		{29A3E819-13D5-4FE4-84E3-84497054267D}.Debug|Any CPU.Build.0 = Debug|Any CPU
		{29A3E819-13D5-4FE4-84E3-84497054267D}.Release|Any CPU.ActiveCfg = Release|Any CPU
		{29A3E819-13D5-4FE4-84E3-84497054267D}.Release|Any CPU.Build.0 = Release|Any CPU
	EndGlobalSection
	GlobalSection(SolutionProperties) = preSolution
		HideSolutionNode = FALSE
	EndGlobalSection
	GlobalSection(ExtensibilityGlobals) = postSolution
		SolutionGuid = {2C2CAF34-25CA-44E6-87B1-6A36456595FB}
	EndGlobalSection
EndGlobal
